
Microsoft Visual Studio Solution File, Format Version 12.00
# Visual Studio Version 16
VisualStudioVersion = 16.0.29806.167
MinimumVisualStudioVersion = 10.0.40219.1
Project("{9A19103F-16F7-4668-BE54-9A1E7A4F7556}") = "GranDen.CallExtMethodLib", "src\GranDen.CallExtMethodLib\GranDen.CallExtMethodLib.csproj", "{69C3F3A4-8A15-47FE-8FFA-6A1BC9CEED2E}"
EndProject
Project("{2150E333-8FDC-42A3-9474-1A3956D46DE8}") = "test", "test", "{734FFB2A-032F-4A3D-9512-C6E447480887}"
EndProject
Project("{2150E333-8FDC-42A3-9474-1A3956D46DE8}") = "src", "src", "{72790CB4-D01C-4FE1-A638-1B2823A2E814}"
EndProject
Project("{9A19103F-16F7-4668-BE54-9A1E7A4F7556}") = "LibTestProject", "test\LibTestProject\LibTestProject.csproj", "{684F71A6-68DD-4D9D-AEE8-891229F9F8AB}"
EndProject
Project("{9A19103F-16F7-4668-BE54-9A1E7A4F7556}") = "Iso8601ExtMethodLib", "extLibs\Iso8601ExtMethodLib\Iso8601ExtMethodLib.csproj", "{D40E03BE-C840-415F-AB55-807E8C138F1B}"
EndProject
Project("{2150E333-8FDC-42A3-9474-1A3956D46DE8}") = "example", "example", "{C5092A67-0700-4DAB-9713-25E662DEFA15}"
EndProject
Project("{9A19103F-16F7-4668-BE54-9A1E7A4F7556}") = "DemoNetCoreConsoleApp", "example\DemoNetCoreConsoleApp\DemoNetCoreConsoleApp.csproj", "{C620D3E5-CABB-4E9D-8583-CE15C25A1BA9}"
EndProject
Project("{2150E333-8FDC-42A3-9474-1A3956D46DE8}") = "extLibs", "extLibs", "{BEA4D690-CABF-4CAC-82C2-A1A891F83E30}"
EndProject
Project("{FAE04EC0-301F-11D3-BF4B-00C04F79EFBC}") = "DemoNetFrameworkConsoleApp", "example\DemoNetFrameworkConsoleApp\DemoNetFrameworkConsoleApp.csproj", "{9BC8AD37-BB26-4110-9C82-6BAE1DE3F571}"
EndProject
Project("{FAE04EC0-301F-11D3-BF4B-00C04F79EFBC}") = "LogDemoExtLib", "extLibs\LogDemoExtLib\LogDemoExtLib.csproj", "{E84AD358-CF1D-475F-9B9A-F9CC12CFC66B}"
EndProject
Project("{FAE04EC0-301F-11D3-BF4B-00C04F79EFBC}") = "CallLogDemoExtLibApp", "example\CallLogDemoExtLibApp\CallLogDemoExtLibApp.csproj", "{588613A3-34BC-4387-9CBE-CE07AE41E249}"
EndProject
Global
	GlobalSection(SolutionConfigurationPlatforms) = preSolution
		Debug|Any CPU = Debug|Any CPU
		Release|Any CPU = Release|Any CPU
	EndGlobalSection
	GlobalSection(ProjectConfigurationPlatforms) = postSolution
		{69C3F3A4-8A15-47FE-8FFA-6A1BC9CEED2E}.Debug|Any CPU.ActiveCfg = Debug|Any CPU
		{69C3F3A4-8A15-47FE-8FFA-6A1BC9CEED2E}.Debug|Any CPU.Build.0 = Debug|Any CPU
		{69C3F3A4-8A15-47FE-8FFA-6A1BC9CEED2E}.Release|Any CPU.ActiveCfg = Release|Any CPU
		{69C3F3A4-8A15-47FE-8FFA-6A1BC9CEED2E}.Release|Any CPU.Build.0 = Release|Any CPU
		{684F71A6-68DD-4D9D-AEE8-891229F9F8AB}.Debug|Any CPU.ActiveCfg = Debug|Any CPU
		{684F71A6-68DD-4D9D-AEE8-891229F9F8AB}.Debug|Any CPU.Build.0 = Debug|Any CPU
		{684F71A6-68DD-4D9D-AEE8-891229F9F8AB}.Release|Any CPU.ActiveCfg = Release|Any CPU
		{684F71A6-68DD-4D9D-AEE8-891229F9F8AB}.Release|Any CPU.Build.0 = Release|Any CPU
		{D40E03BE-C840-415F-AB55-807E8C138F1B}.Debug|Any CPU.ActiveCfg = Debug|Any CPU
		{D40E03BE-C840-415F-AB55-807E8C138F1B}.Debug|Any CPU.Build.0 = Debug|Any CPU
		{D40E03BE-C840-415F-AB55-807E8C138F1B}.Release|Any CPU.ActiveCfg = Release|Any CPU
		{D40E03BE-C840-415F-AB55-807E8C138F1B}.Release|Any CPU.Build.0 = Release|Any CPU
		{C620D3E5-CABB-4E9D-8583-CE15C25A1BA9}.Debug|Any CPU.ActiveCfg = Debug|Any CPU
		{C620D3E5-CABB-4E9D-8583-CE15C25A1BA9}.Debug|Any CPU.Build.0 = Debug|Any CPU
		{C620D3E5-CABB-4E9D-8583-CE15C25A1BA9}.Release|Any CPU.ActiveCfg = Release|Any CPU
		{C620D3E5-CABB-4E9D-8583-CE15C25A1BA9}.Release|Any CPU.Build.0 = Release|Any CPU
		{9BC8AD37-BB26-4110-9C82-6BAE1DE3F571}.Debug|Any CPU.ActiveCfg = Debug|Any CPU
		{9BC8AD37-BB26-4110-9C82-6BAE1DE3F571}.Debug|Any CPU.Build.0 = Debug|Any CPU
		{9BC8AD37-BB26-4110-9C82-6BAE1DE3F571}.Release|Any CPU.ActiveCfg = Release|Any CPU
		{9BC8AD37-BB26-4110-9C82-6BAE1DE3F571}.Release|Any CPU.Build.0 = Release|Any CPU
		{E84AD358-CF1D-475F-9B9A-F9CC12CFC66B}.Debug|Any CPU.ActiveCfg = Debug|Any CPU
		{E84AD358-CF1D-475F-9B9A-F9CC12CFC66B}.Debug|Any CPU.Build.0 = Debug|Any CPU
		{E84AD358-CF1D-475F-9B9A-F9CC12CFC66B}.Release|Any CPU.ActiveCfg = Release|Any CPU
		{E84AD358-CF1D-475F-9B9A-F9CC12CFC66B}.Release|Any CPU.Build.0 = Release|Any CPU
		{588613A3-34BC-4387-9CBE-CE07AE41E249}.Debug|Any CPU.ActiveCfg = Debug|Any CPU
		{588613A3-34BC-4387-9CBE-CE07AE41E249}.Debug|Any CPU.Build.0 = Debug|Any CPU
		{588613A3-34BC-4387-9CBE-CE07AE41E249}.Release|Any CPU.ActiveCfg = Release|Any CPU
		{588613A3-34BC-4387-9CBE-CE07AE41E249}.Release|Any CPU.Build.0 = Release|Any CPU
	EndGlobalSection
	GlobalSection(SolutionProperties) = preSolution
		HideSolutionNode = FALSE
	EndGlobalSection
	GlobalSection(NestedProjects) = preSolution
		{69C3F3A4-8A15-47FE-8FFA-6A1BC9CEED2E} = {72790CB4-D01C-4FE1-A638-1B2823A2E814}
		{684F71A6-68DD-4D9D-AEE8-891229F9F8AB} = {734FFB2A-032F-4A3D-9512-C6E447480887}
		{D40E03BE-C840-415F-AB55-807E8C138F1B} = {BEA4D690-CABF-4CAC-82C2-A1A891F83E30}
		{C620D3E5-CABB-4E9D-8583-CE15C25A1BA9} = {C5092A67-0700-4DAB-9713-25E662DEFA15}
		{9BC8AD37-BB26-4110-9C82-6BAE1DE3F571} = {C5092A67-0700-4DAB-9713-25E662DEFA15}
		{E84AD358-CF1D-475F-9B9A-F9CC12CFC66B} = {BEA4D690-CABF-4CAC-82C2-A1A891F83E30}
		{588613A3-34BC-4387-9CBE-CE07AE41E249} = {C5092A67-0700-4DAB-9713-25E662DEFA15}
	EndGlobalSection
	GlobalSection(ExtensibilityGlobals) = postSolution
		SolutionGuid = {9028F5CF-03F9-44E2-8944-6F92DFD1B446}
	EndGlobalSection
EndGlobal
